
Microsoft Visual Studio Solution File, Format Version 12.00
# Visual Studio Version 17
VisualStudioVersion = 17.0.31903.59
MinimumVisualStudioVersion = 10.0.40219.1
Project("{2150E333-8FDC-42A3-9474-1A3956D46DE8}") = "src", "src", "{65A55C07-D50A-400E-9ED7-24EBB7969B45}"
EndProject
Project("{FAE04EC0-301F-11D3-BF4B-00C04F79EFBC}") = "Nika", "src\Nika\Nika.csproj", "{981D51F9-D124-47D9-8A46-4C393D6465ED}"
EndProject
Project("{FAE04EC0-301F-11D3-BF4B-00C04F79EFBC}") = "Nika.Cli", "src\Nika.Cli\Nika.Cli.csproj", "{EED1B1DC-EC5F-480E-80D3-E82EE8536615}"
EndProject
Project("{2150E333-8FDC-42A3-9474-1A3956D46DE8}") = "tests", "tests", "{40C91521-6884-4C2F-9DA2-5CB4950AEE0B}"
EndProject
Project("{FAE04EC0-301F-11D3-BF4B-00C04F79EFBC}") = "Nika.Tests", "tests\Nika.Tests\Nika.Tests.csproj", "{F552CACF-DEF4-4BEF-9C33-F0BD08DC71AE}"
EndProject
Global
	GlobalSection(SolutionConfigurationPlatforms) = preSolution
		Debug|Any CPU = Debug|Any CPU
		Release|Any CPU = Release|Any CPU
	EndGlobalSection
	GlobalSection(SolutionProperties) = preSolution
		HideSolutionNode = FALSE
	EndGlobalSection
	GlobalSection(ProjectConfigurationPlatforms) = postSolution
		{981D51F9-D124-47D9-8A46-4C393D6465ED}.Debug|Any CPU.ActiveCfg = Debug|Any CPU
		{981D51F9-D124-47D9-8A46-4C393D6465ED}.Debug|Any CPU.Build.0 = Debug|Any CPU
		{981D51F9-D124-47D9-8A46-4C393D6465ED}.Release|Any CPU.ActiveCfg = Release|Any CPU
		{981D51F9-D124-47D9-8A46-4C393D6465ED}.Release|Any CPU.Build.0 = Release|Any CPU
		{EED1B1DC-EC5F-480E-80D3-E82EE8536615}.Debug|Any CPU.ActiveCfg = Debug|Any CPU
		{EED1B1DC-EC5F-480E-80D3-E82EE8536615}.Debug|Any CPU.Build.0 = Debug|Any CPU
		{EED1B1DC-EC5F-480E-80D3-E82EE8536615}.Release|Any CPU.ActiveCfg = Release|Any CPU
		{EED1B1DC-EC5F-480E-80D3-E82EE8536615}.Release|Any CPU.Build.0 = Release|Any CPU
		{F552CACF-DEF4-4BEF-9C33-F0BD08DC71AE}.Debug|Any CPU.ActiveCfg = Debug|Any CPU
		{F552CACF-DEF4-4BEF-9C33-F0BD08DC71AE}.Debug|Any CPU.Build.0 = Debug|Any CPU
		{F552CACF-DEF4-4BEF-9C33-F0BD08DC71AE}.Release|Any CPU.ActiveCfg = Release|Any CPU
		{F552CACF-DEF4-4BEF-9C33-F0BD08DC71AE}.Release|Any CPU.Build.0 = Release|Any CPU
	EndGlobalSection
	GlobalSection(NestedProjects) = preSolution
		{981D51F9-D124-47D9-8A46-4C393D6465ED} = {65A55C07-D50A-400E-9ED7-24EBB7969B45}
		{EED1B1DC-EC5F-480E-80D3-E82EE8536615} = {65A55C07-D50A-400E-9ED7-24EBB7969B45}
		{F552CACF-DEF4-4BEF-9C33-F0BD08DC71AE} = {40C91521-6884-4C2F-9DA2-5CB4950AEE0B}
	EndGlobalSection
EndGlobal
